// !$*UTF8*$!
{
	archiveVersion = 1;
	classes = {
	};
	objectVersion = 56;
	objects = {

/* Begin PBXBuildFile section */
		841C2746298FC9A30011E0A6 /* AppDelegate.swift in Sources */ = {isa = PBXBuildFile; fileRef = 841C2745298FC9A30011E0A6 /* AppDelegate.swift */; };
		841C2748298FC9A30011E0A6 /* SceneDelegate.swift in Sources */ = {isa = PBXBuildFile; fileRef = 841C2747298FC9A30011E0A6 /* SceneDelegate.swift */; };
		841C274F298FC9AA0011E0A6 /* Assets.xcassets in Resources */ = {isa = PBXBuildFile; fileRef = 841C274E298FC9AA0011E0A6 /* Assets.xcassets */; };
		841C2752298FC9AA0011E0A6 /* LaunchScreen.storyboard in Resources */ = {isa = PBXBuildFile; fileRef = 841C2750298FC9AA0011E0A6 /* LaunchScreen.storyboard */; };
		841C276B298FD9980011E0A6 /* ImageViewController.swift in Sources */ = {isa = PBXBuildFile; fileRef = 841C276A298FD9980011E0A6 /* ImageViewController.swift */; };
		841C276D298FD9F20011E0A6 /* InternshipViewController.swift in Sources */ = {isa = PBXBuildFile; fileRef = 841C276C298FD9F20011E0A6 /* InternshipViewController.swift */; };
		841C277B299027F60011E0A6 /* ItemData.swift in Sources */ = {isa = PBXBuildFile; fileRef = 841C277A299027F60011E0A6 /* ItemData.swift */; };
		841C277D299028290011E0A6 /* SectionData.swift in Sources */ = {isa = PBXBuildFile; fileRef = 841C277C299028290011E0A6 /* SectionData.swift */; };
		841C277F29902A360011E0A6 /* MockData.swift in Sources */ = {isa = PBXBuildFile; fileRef = 841C277E29902A360011E0A6 /* MockData.swift */; };
		841C278129902EB30011E0A6 /* CollectionExtensions.swift in Sources */ = {isa = PBXBuildFile; fileRef = 841C278029902EB30011E0A6 /* CollectionExtensions.swift */; };
		841C27832990322A0011E0A6 /* CourseViewCell.swift in Sources */ = {isa = PBXBuildFile; fileRef = 841C27822990322A0011E0A6 /* CourseViewCell.swift */; };
		841C278529903AD50011E0A6 /* CollectionHeaderView.swift in Sources */ = {isa = PBXBuildFile; fileRef = 841C278429903AD50011E0A6 /* CollectionHeaderView.swift */; };
		841C278A299166A30011E0A6 /* AppAlerts.swift in Sources */ = {isa = PBXBuildFile; fileRef = 841C2789299166A30011E0A6 /* AppAlerts.swift */; };
/* End PBXBuildFile section */

/* Begin PBXFileReference section */
		841C2742298FC9A30011E0A6 /* SurfInterviewApp.app */ = {isa = PBXFileReference; explicitFileType = wrapper.application; includeInIndex = 0; path = SurfInterviewApp.app; sourceTree = BUILT_PRODUCTS_DIR; };
		841C2745298FC9A30011E0A6 /* AppDelegate.swift */ = {isa = PBXFileReference; lastKnownFileType = sourcecode.swift; path = AppDelegate.swift; sourceTree = "<group>"; };
		841C2747298FC9A30011E0A6 /* SceneDelegate.swift */ = {isa = PBXFileReference; lastKnownFileType = sourcecode.swift; path = SceneDelegate.swift; sourceTree = "<group>"; };
		841C274E298FC9AA0011E0A6 /* Assets.xcassets */ = {isa = PBXFileReference; lastKnownFileType = folder.assetcatalog; path = Assets.xcassets; sourceTree = "<group>"; };
		841C2751298FC9AA0011E0A6 /* Base */ = {isa = PBXFileReference; lastKnownFileType = file.storyboard; name = Base; path = Base.lproj/LaunchScreen.storyboard; sourceTree = "<group>"; };
		841C2753298FC9AA0011E0A6 /* Info.plist */ = {isa = PBXFileReference; lastKnownFileType = text.plist.xml; path = Info.plist; sourceTree = "<group>"; };
		841C276A298FD9980011E0A6 /* ImageViewController.swift */ = {isa = PBXFileReference; lastKnownFileType = sourcecode.swift; path = ImageViewController.swift; sourceTree = "<group>"; };
		841C276C298FD9F20011E0A6 /* InternshipViewController.swift */ = {isa = PBXFileReference; lastKnownFileType = sourcecode.swift; path = InternshipViewController.swift; sourceTree = "<group>"; };
		841C277A299027F60011E0A6 /* ItemData.swift */ = {isa = PBXFileReference; lastKnownFileType = sourcecode.swift; path = ItemData.swift; sourceTree = "<group>"; };
		841C277C299028290011E0A6 /* SectionData.swift */ = {isa = PBXFileReference; lastKnownFileType = sourcecode.swift; path = SectionData.swift; sourceTree = "<group>"; };
		841C277E29902A360011E0A6 /* MockData.swift */ = {isa = PBXFileReference; lastKnownFileType = sourcecode.swift; path = MockData.swift; sourceTree = "<group>"; };
		841C278029902EB30011E0A6 /* CollectionExtensions.swift */ = {isa = PBXFileReference; lastKnownFileType = sourcecode.swift; path = CollectionExtensions.swift; sourceTree = "<group>"; };
		841C27822990322A0011E0A6 /* CourseViewCell.swift */ = {isa = PBXFileReference; lastKnownFileType = sourcecode.swift; path = CourseViewCell.swift; sourceTree = "<group>"; };
		841C278429903AD50011E0A6 /* CollectionHeaderView.swift */ = {isa = PBXFileReference; lastKnownFileType = sourcecode.swift; path = CollectionHeaderView.swift; sourceTree = "<group>"; };
		841C2789299166A30011E0A6 /* AppAlerts.swift */ = {isa = PBXFileReference; lastKnownFileType = sourcecode.swift; path = AppAlerts.swift; sourceTree = "<group>"; };
/* End PBXFileReference section */

/* Begin PBXFrameworksBuildPhase section */
		841C273F298FC9A30011E0A6 /* Frameworks */ = {
			isa = PBXFrameworksBuildPhase;
			buildActionMask = 2147483647;
			files = (
			);
			runOnlyForDeploymentPostprocessing = 0;
		};
/* End PBXFrameworksBuildPhase section */

/* Begin PBXGroup section */
		841C2739298FC9A20011E0A6 = {
			isa = PBXGroup;
			children = (
				841C2744298FC9A30011E0A6 /* SurfInterviewApp */,
				841C2743298FC9A30011E0A6 /* Products */,
			);
			sourceTree = "<group>";
		};
		841C2743298FC9A30011E0A6 /* Products */ = {
			isa = PBXGroup;
			children = (
				841C2742298FC9A30011E0A6 /* SurfInterviewApp.app */,
			);
			name = Products;
			sourceTree = "<group>";
		};
		841C2744298FC9A30011E0A6 /* SurfInterviewApp */ = {
			isa = PBXGroup;
			children = (
				841C2779299027B90011E0A6 /* BaseViewScene */,
				841C2759298FCABB0011E0A6 /* InternAppScene */,
				841C2745298FC9A30011E0A6 /* AppDelegate.swift */,
				841C2747298FC9A30011E0A6 /* SceneDelegate.swift */,
				841C274E298FC9AA0011E0A6 /* Assets.xcassets */,
				841C2750298FC9AA0011E0A6 /* LaunchScreen.storyboard */,
				841C2753298FC9AA0011E0A6 /* Info.plist */,
			);
			path = SurfInterviewApp;
			sourceTree = "<group>";
		};
		841C2759298FCABB0011E0A6 /* InternAppScene */ = {
			isa = PBXGroup;
			children = (
				841C276C298FD9F20011E0A6 /* InternshipViewController.swift */,
				841C278029902EB30011E0A6 /* CollectionExtensions.swift */,
				841C27822990322A0011E0A6 /* CourseViewCell.swift */,
				841C278429903AD50011E0A6 /* CollectionHeaderView.swift */,
				841C2789299166A30011E0A6 /* AppAlerts.swift */,
				841C27862991495C0011E0A6 /* DataFiles */,
			);
			path = InternAppScene;
			sourceTree = "<group>";
		};
		841C2779299027B90011E0A6 /* BaseViewScene */ = {
			isa = PBXGroup;
			children = (
				841C276A298FD9980011E0A6 /* ImageViewController.swift */,
			);
			path = BaseViewScene;
			sourceTree = "<group>";
		};
		841C27862991495C0011E0A6 /* DataFiles */ = {
			isa = PBXGroup;
			children = (
				841C277A299027F60011E0A6 /* ItemData.swift */,
				841C277C299028290011E0A6 /* SectionData.swift */,
				841C277E29902A360011E0A6 /* MockData.swift */,
			);
			path = DataFiles;
			sourceTree = "<group>";
		};
/* End PBXGroup section */

/* Begin PBXNativeTarget section */
		841C2741298FC9A30011E0A6 /* SurfInterviewApp */ = {
			isa = PBXNativeTarget;
			buildConfigurationList = 841C2756298FC9AA0011E0A6 /* Build configuration list for PBXNativeTarget "SurfInterviewApp" */;
			buildPhases = (
				841C273E298FC9A30011E0A6 /* Sources */,
				841C273F298FC9A30011E0A6 /* Frameworks */,
				841C2740298FC9A30011E0A6 /* Resources */,
			);
			buildRules = (
			);
			dependencies = (
			);
			name = SurfInterviewApp;
			productName = SurfInterviewApp;
			productReference = 841C2742298FC9A30011E0A6 /* SurfInterviewApp.app */;
			productType = "com.apple.product-type.application";
		};
/* End PBXNativeTarget section */

/* Begin PBXProject section */
		841C273A298FC9A20011E0A6 /* Project object */ = {
			isa = PBXProject;
			attributes = {
				BuildIndependentTargetsInParallel = 1;
				LastSwiftUpdateCheck = 1420;
				LastUpgradeCheck = 1420;
				TargetAttributes = {
					841C2741298FC9A30011E0A6 = {
						CreatedOnToolsVersion = 14.2;
					};
				};
			};
			buildConfigurationList = 841C273D298FC9A20011E0A6 /* Build configuration list for PBXProject "SurfInterviewApp" */;
			compatibilityVersion = "Xcode 14.0";
			developmentRegion = en;
			hasScannedForEncodings = 0;
			knownRegions = (
				en,
				Base,
			);
			mainGroup = 841C2739298FC9A20011E0A6;
			productRefGroup = 841C2743298FC9A30011E0A6 /* Products */;
			projectDirPath = "";
			projectRoot = "";
			targets = (
				841C2741298FC9A30011E0A6 /* SurfInterviewApp */,
			);
		};
/* End PBXProject section */

/* Begin PBXResourcesBuildPhase section */
		841C2740298FC9A30011E0A6 /* Resources */ = {
			isa = PBXResourcesBuildPhase;
			buildActionMask = 2147483647;
			files = (
				841C2752298FC9AA0011E0A6 /* LaunchScreen.storyboard in Resources */,
				841C274F298FC9AA0011E0A6 /* Assets.xcassets in Resources */,
			);
			runOnlyForDeploymentPostprocessing = 0;
		};
/* End PBXResourcesBuildPhase section */

/* Begin PBXSourcesBuildPhase section */
		841C273E298FC9A30011E0A6 /* Sources */ = {
			isa = PBXSourcesBuildPhase;
			buildActionMask = 2147483647;
			files = (
				841C276D298FD9F20011E0A6 /* InternshipViewController.swift in Sources */,
				841C2746298FC9A30011E0A6 /* AppDelegate.swift in Sources */,
				841C276B298FD9980011E0A6 /* ImageViewController.swift in Sources */,
				841C278529903AD50011E0A6 /* CollectionHeaderView.swift in Sources */,
				841C278A299166A30011E0A6 /* AppAlerts.swift in Sources */,
				841C27832990322A0011E0A6 /* CourseViewCell.swift in Sources */,
				841C2748298FC9A30011E0A6 /* SceneDelegate.swift in Sources */,
				841C278129902EB30011E0A6 /* CollectionExtensions.swift in Sources */,
				841C277B299027F60011E0A6 /* ItemData.swift in Sources */,
				841C277F29902A360011E0A6 /* MockData.swift in Sources */,
				841C277D299028290011E0A6 /* SectionData.swift in Sources */,
			);
			runOnlyForDeploymentPostprocessing = 0;
		};
/* End PBXSourcesBuildPhase section */

/* Begin PBXVariantGroup section */
		841C2750298FC9AA0011E0A6 /* LaunchScreen.storyboard */ = {
			isa = PBXVariantGroup;
			children = (
				841C2751298FC9AA0011E0A6 /* Base */,
			);
			name = LaunchScreen.storyboard;
			sourceTree = "<group>";
		};
/* End PBXVariantGroup section */

/* Begin XCBuildConfiguration section */
		841C2754298FC9AA0011E0A6 /* Debug */ = {
			isa = XCBuildConfiguration;
			buildSettings = {
				ALWAYS_SEARCH_USER_PATHS = NO;
				CLANG_ANALYZER_NONNULL = YES;
				CLANG_ANALYZER_NUMBER_OBJECT_CONVERSION = YES_AGGRESSIVE;
				CLANG_CXX_LANGUAGE_STANDARD = "gnu++20";
				CLANG_ENABLE_MODULES = YES;
				CLANG_ENABLE_OBJC_ARC = YES;
				CLANG_ENABLE_OBJC_WEAK = YES;
				CLANG_WARN_BLOCK_CAPTURE_AUTORELEASING = YES;
				CLANG_WARN_BOOL_CONVERSION = YES;
				CLANG_WARN_COMMA = YES;
				CLANG_WARN_CONSTANT_CONVERSION = YES;
				CLANG_WARN_DEPRECATED_OBJC_IMPLEMENTATIONS = YES;
				CLANG_WARN_DIRECT_OBJC_ISA_USAGE = YES_ERROR;
				CLANG_WARN_DOCUMENTATION_COMMENTS = YES;
				CLANG_WARN_EMPTY_BODY = YES;
				CLANG_WARN_ENUM_CONVERSION = YES;
				CLANG_WARN_INFINITE_RECURSION = YES;
				CLANG_WARN_INT_CONVERSION = YES;
				CLANG_WARN_NON_LITERAL_NULL_CONVERSION = YES;
				CLANG_WARN_OBJC_IMPLICIT_RETAIN_SELF = YES;
				CLANG_WARN_OBJC_LITERAL_CONVERSION = YES;
				CLANG_WARN_OBJC_ROOT_CLASS = YES_ERROR;
				CLANG_WARN_QUOTED_INCLUDE_IN_FRAMEWORK_HEADER = YES;
				CLANG_WARN_RANGE_LOOP_ANALYSIS = YES;
				CLANG_WARN_STRICT_PROTOTYPES = YES;
				CLANG_WARN_SUSPICIOUS_MOVE = YES;
				CLANG_WARN_UNGUARDED_AVAILABILITY = YES_AGGRESSIVE;
				CLANG_WARN_UNREACHABLE_CODE = YES;
				CLANG_WARN__DUPLICATE_METHOD_MATCH = YES;
				COPY_PHASE_STRIP = NO;
				DEBUG_INFORMATION_FORMAT = dwarf;
				ENABLE_STRICT_OBJC_MSGSEND = YES;
				ENABLE_TESTABILITY = YES;
				GCC_C_LANGUAGE_STANDARD = gnu11;
				GCC_DYNAMIC_NO_PIC = NO;
				GCC_NO_COMMON_BLOCKS = YES;
				GCC_OPTIMIZATION_LEVEL = 0;
				GCC_PREPROCESSOR_DEFINITIONS = (
					"DEBUG=1",
					"$(inherited)",
				);
				GCC_WARN_64_TO_32_BIT_CONVERSION = YES;
				GCC_WARN_ABOUT_RETURN_TYPE = YES_ERROR;
				GCC_WARN_UNDECLARED_SELECTOR = YES;
				GCC_WARN_UNINITIALIZED_AUTOS = YES_AGGRESSIVE;
				GCC_WARN_UNUSED_FUNCTION = YES;
				GCC_WARN_UNUSED_VARIABLE = YES;
				IPHONEOS_DEPLOYMENT_TARGET = 16.2;
				MTL_ENABLE_DEBUG_INFO = INCLUDE_SOURCE;
				MTL_FAST_MATH = YES;
				ONLY_ACTIVE_ARCH = YES;
				SDKROOT = iphoneos;
				SWIFT_ACTIVE_COMPILATION_CONDITIONS = DEBUG;
				SWIFT_OPTIMIZATION_LEVEL = "-Onone";
			};
			name = Debug;
		};
		841C2755298FC9AA0011E0A6 /* Release */ = {
			isa = XCBuildConfiguration;
			buildSettings = {
				ALWAYS_SEARCH_USER_PATHS = NO;
				CLANG_ANALYZER_NONNULL = YES;
				CLANG_ANALYZER_NUMBER_OBJECT_CONVERSION = YES_AGGRESSIVE;
				CLANG_CXX_LANGUAGE_STANDARD = "gnu++20";
				CLANG_ENABLE_MODULES = YES;
				CLANG_ENABLE_OBJC_ARC = YES;
				CLANG_ENABLE_OBJC_WEAK = YES;
				CLANG_WARN_BLOCK_CAPTURE_AUTORELEASING = YES;
				CLANG_WARN_BOOL_CONVERSION = YES;
				CLANG_WARN_COMMA = YES;
				CLANG_WARN_CONSTANT_CONVERSION = YES;
				CLANG_WARN_DEPRECATED_OBJC_IMPLEMENTATIONS = YES;
				CLANG_WARN_DIRECT_OBJC_ISA_USAGE = YES_ERROR;
				CLANG_WARN_DOCUMENTATION_COMMENTS = YES;
				CLANG_WARN_EMPTY_BODY = YES;
				CLANG_WARN_ENUM_CONVERSION = YES;
				CLANG_WARN_INFINITE_RECURSION = YES;
				CLANG_WARN_INT_CONVERSION = YES;
				CLANG_WARN_NON_LITERAL_NULL_CONVERSION = YES;
				CLANG_WARN_OBJC_IMPLICIT_RETAIN_SELF = YES;
				CLANG_WARN_OBJC_LITERAL_CONVERSION = YES;
				CLANG_WARN_OBJC_ROOT_CLASS = YES_ERROR;
				CLANG_WARN_QUOTED_INCLUDE_IN_FRAMEWORK_HEADER = YES;
				CLANG_WARN_RANGE_LOOP_ANALYSIS = YES;
				CLANG_WARN_STRICT_PROTOTYPES = YES;
				CLANG_WARN_SUSPICIOUS_MOVE = YES;
				CLANG_WARN_UNGUARDED_AVAILABILITY = YES_AGGRESSIVE;
				CLANG_WARN_UNREACHABLE_CODE = YES;
				CLANG_WARN__DUPLICATE_METHOD_MATCH = YES;
				COPY_PHASE_STRIP = NO;
				DEBUG_INFORMATION_FORMAT = "dwarf-with-dsym";
				ENABLE_NS_ASSERTIONS = NO;
				ENABLE_STRICT_OBJC_MSGSEND = YES;
				GCC_C_LANGUAGE_STANDARD = gnu11;
				GCC_NO_COMMON_BLOCKS = YES;
				GCC_WARN_64_TO_32_BIT_CONVERSION = YES;
				GCC_WARN_ABOUT_RETURN_TYPE = YES_ERROR;
				GCC_WARN_UNDECLARED_SELECTOR = YES;
				GCC_WARN_UNINITIALIZED_AUTOS = YES_AGGRESSIVE;
				GCC_WARN_UNUSED_FUNCTION = YES;
				GCC_WARN_UNUSED_VARIABLE = YES;
				IPHONEOS_DEPLOYMENT_TARGET = 16.2;
				MTL_ENABLE_DEBUG_INFO = NO;
				MTL_FAST_MATH = YES;
				SDKROOT = iphoneos;
				SWIFT_COMPILATION_MODE = wholemodule;
				SWIFT_OPTIMIZATION_LEVEL = "-O";
				VALIDATE_PRODUCT = YES;
			};
			name = Release;
		};
		841C2757298FC9AA0011E0A6 /* Debug */ = {
			isa = XCBuildConfiguration;
			buildSettings = {
				ASSETCATALOG_COMPILER_APPICON_NAME = AppIcon;
				ASSETCATALOG_COMPILER_GLOBAL_ACCENT_COLOR_NAME = AccentColor;
				CODE_SIGN_STYLE = Automatic;
				CURRENT_PROJECT_VERSION = 1;
				DEVELOPMENT_TEAM = 9AA2WVYD3W;
				GENERATE_INFOPLIST_FILE = YES;
				INFOPLIST_FILE = SurfInterviewApp/Info.plist;
				INFOPLIST_KEY_UIApplicationSupportsIndirectInputEvents = YES;
				INFOPLIST_KEY_UILaunchStoryboardName = LaunchScreen;
				INFOPLIST_KEY_UIStatusBarHidden = NO;
				INFOPLIST_KEY_UIStatusBarStyle = UIStatusBarStyleLightContent;
				INFOPLIST_KEY_UISupportedInterfaceOrientations = "UIInterfaceOrientationLandscapeLeft UIInterfaceOrientationLandscapeRight UIInterfaceOrientationPortrait";
				IPHONEOS_DEPLOYMENT_TARGET = 16.0;
				LD_RUNPATH_SEARCH_PATHS = (
					"$(inherited)",
					"@executable_path/Frameworks",
				);
				MARKETING_VERSION = 1.0;
				PRODUCT_BUNDLE_IDENTIFIER = "-112.SurfInterviewApp";
				PRODUCT_NAME = "$(TARGET_NAME)";
				SUPPORTED_PLATFORMS = "iphoneos iphonesimulator";
				SUPPORTS_MACCATALYST = NO;
				SUPPORTS_MAC_DESIGNED_FOR_IPHONE_IPAD = YES;
				SWIFT_EMIT_LOC_STRINGS = YES;
				SWIFT_VERSION = 5.0;
				TARGETED_DEVICE_FAMILY = 1;
			};
			name = Debug;
		};
		841C2758298FC9AA0011E0A6 /* Release */ = {
			isa = XCBuildConfiguration;
			buildSettings = {
				ASSETCATALOG_COMPILER_APPICON_NAME = AppIcon;
				ASSETCATALOG_COMPILER_GLOBAL_ACCENT_COLOR_NAME = AccentColor;
				CODE_SIGN_STYLE = Automatic;
				CURRENT_PROJECT_VERSION = 1;
				DEVELOPMENT_TEAM = 9AA2WVYD3W;
				GENERATE_INFOPLIST_FILE = YES;
				INFOPLIST_FILE = SurfInterviewApp/Info.plist;
				INFOPLIST_KEY_UIApplicationSupportsIndirectInputEvents = YES;
				INFOPLIST_KEY_UILaunchStoryboardName = LaunchScreen;
				INFOPLIST_KEY_UIStatusBarHidden = NO;
				INFOPLIST_KEY_UIStatusBarStyle = UIStatusBarStyleLightContent;
				INFOPLIST_KEY_UISupportedInterfaceOrientations = "UIInterfaceOrientationLandscapeLeft UIInterfaceOrientationLandscapeRight UIInterfaceOrientationPortrait";
				IPHONEOS_DEPLOYMENT_TARGET = 16.0;
				LD_RUNPATH_SEARCH_PATHS = (
					"$(inherited)",
					"@executable_path/Frameworks",
				);
				MARKETING_VERSION = 1.0;
				PRODUCT_BUNDLE_IDENTIFIER = "-112.SurfInterviewApp";
				PRODUCT_NAME = "$(TARGET_NAME)";
				SUPPORTED_PLATFORMS = "iphoneos iphonesimulator";
				SUPPORTS_MACCATALYST = NO;
				SUPPORTS_MAC_DESIGNED_FOR_IPHONE_IPAD = YES;
				SWIFT_EMIT_LOC_STRINGS = YES;
				SWIFT_VERSION = 5.0;
				TARGETED_DEVICE_FAMILY = 1;
			};
			name = Release;
		};
/* End XCBuildConfiguration section */

/* Begin XCConfigurationList section */
		841C273D298FC9A20011E0A6 /* Build configuration list for PBXProject "SurfInterviewApp" */ = {
			isa = XCConfigurationList;
			buildConfigurations = (
				841C2754298FC9AA0011E0A6 /* Debug */,
				841C2755298FC9AA0011E0A6 /* Release */,
			);
			defaultConfigurationIsVisible = 0;
			defaultConfigurationName = Release;
		};
		841C2756298FC9AA0011E0A6 /* Build configuration list for PBXNativeTarget "SurfInterviewApp" */ = {
			isa = XCConfigurationList;
			buildConfigurations = (
				841C2757298FC9AA0011E0A6 /* Debug */,
				841C2758298FC9AA0011E0A6 /* Release */,
			);
			defaultConfigurationIsVisible = 0;
			defaultConfigurationName = Release;
		};
/* End XCConfigurationList section */
	};
	rootObject = 841C273A298FC9A20011E0A6 /* Project object */;
}
